{
  "name": "dragon_rain",
  "version": "1.0.6",
  "lockfileVersion": 1,
  "requires": true,
  "dependencies": {
    "@babel/parser": {
      "version": "7.24.1",
      "resolved": "https://registry.npmjs.org/@babel/parser/-/parser-7.24.1.tgz",
      "integrity": "sha512-Zo9c7N3xdOIQrNip7Lc9wvRPzlRtovHVE4lkz8WEDr7uYh/GMQhSiIgFxGIArRHYdJE5kxtZjAf8rT0xhdLCzg=="
    },
    "@jridgewell/sourcemap-codec": {
      "version": "1.4.15",
      "resolved": "https://registry.npmjs.org/@jridgewell/sourcemap-codec/-/sourcemap-codec-1.4.15.tgz",
      "integrity": "sha512-eF2rxCRulEKXHTRiDrDy6erMYWqNw4LPdQ8UQA4huuxaQsVeRPFl2oM8oDGxMFhJUWZf9McpLtJasDDZb/Bpeg=="
    },
    "@vue/compiler-core": {
      "version": "3.4.21",
      "resolved": "https://registry.npmjs.org/@vue/compiler-core/-/compiler-core-3.4.21.tgz",
      "integrity": "sha512-MjXawxZf2SbZszLPYxaFCjxfibYrzr3eYbKxwpLR9EQN+oaziSu3qKVbwBERj1IFIB8OLUewxB5m/BFzi613og==",
      "requires": {
        "@babel/parser": "^7.23.9",
        "@vue/shared": "3.4.21",
        "entities": "^4.5.0",
        "estree-walker": "^2.0.2",
        "source-map-js": "^1.0.2"
      }
    },
    "@vue/compiler-dom": {
      "version": "3.4.21",
      "resolved": "https://registry.npmjs.org/@vue/compiler-dom/-/compiler-dom-3.4.21.tgz",
      "integrity": "sha512-IZC6FKowtT1sl0CR5DpXSiEB5ayw75oT2bma1BEhV7RRR1+cfwLrxc2Z8Zq/RGFzJ8w5r9QtCOvTjQgdn0IKmA==",
      "requires": {
        "@vue/compiler-core": "3.4.21",
        "@vue/shared": "3.4.21"
      }
    },
    "@vue/compiler-sfc": {
      "version": "3.4.21",
      "resolved": "https://registry.npmjs.org/@vue/compiler-sfc/-/compiler-sfc-3.4.21.tgz",
      "integrity": "sha512-me7epoTxYlY+2CUM7hy9PCDdpMPfIwrOvAXud2Upk10g4YLv9UBW7kL798TvMeDhPthkZ0CONNrK2GoeI1ODiQ==",
      "requires": {
        "@babel/parser": "^7.23.9",
        "@vue/compiler-core": "3.4.21",
        "@vue/compiler-dom": "3.4.21",
        "@vue/compiler-ssr": "3.4.21",
        "@vue/shared": "3.4.21",
        "estree-walker": "^2.0.2",
        "magic-string": "^0.30.7",
        "postcss": "^8.4.35",
        "source-map-js": "^1.0.2"
      }
    },
    "@vue/compiler-ssr": {
      "version": "3.4.21",
      "resolved": "https://registry.npmjs.org/@vue/compiler-ssr/-/compiler-ssr-3.4.21.tgz",
      "integrity": "sha512-M5+9nI2lPpAsgXOGQobnIueVqc9sisBFexh5yMIMRAPYLa7+5wEJs8iqOZc1WAa9WQbx9GR2twgznU8LTIiZ4Q==",
      "requires": {
        "@vue/compiler-dom": "3.4.21",
        "@vue/shared": "3.4.21"
      }
    },
    "@vue/reactivity": {
      "version": "3.4.21",
      "resolved": "https://registry.npmjs.org/@vue/reactivity/-/reactivity-3.4.21.tgz",
      "integrity": "sha512-UhenImdc0L0/4ahGCyEzc/pZNwVgcglGy9HVzJ1Bq2Mm9qXOpP8RyNTjookw/gOCUlXSEtuZ2fUg5nrHcoqJcw==",
      "requires": {
        "@vue/shared": "3.4.21"
      }
    },
    "@vue/runtime-core": {
      "version": "3.4.21",
      "resolved": "https://registry.npmjs.org/@vue/runtime-core/-/runtime-core-3.4.21.tgz",
      "integrity": "sha512-pQthsuYzE1XcGZznTKn73G0s14eCJcjaLvp3/DKeYWoFacD9glJoqlNBxt3W2c5S40t6CCcpPf+jG01N3ULyrA==",
      "requires": {
        "@vue/reactivity": "3.4.21",
        "@vue/shared": "3.4.21"
      }
    },
    "@vue/runtime-dom": {
      "version": "3.4.21",
      "resolved": "https://registry.npmjs.org/@vue/runtime-dom/-/runtime-dom-3.4.21.tgz",
      "integrity": "sha512-gvf+C9cFpevsQxbkRBS1NpU8CqxKw0ebqMvLwcGQrNpx6gqRDodqKqA+A2VZZpQ9RpK2f9yfg8VbW/EpdFUOJw==",
      "requires": {
        "@vue/runtime-core": "3.4.21",
        "@vue/shared": "3.4.21",
        "csstype": "^3.1.3"
      }
    },
    "@vue/server-renderer": {
      "version": "3.4.21",
      "resolved": "https://registry.npmjs.org/@vue/server-renderer/-/server-renderer-3.4.21.tgz",
      "integrity": "sha512-aV1gXyKSN6Rz+6kZ6kr5+Ll14YzmIbeuWe7ryJl5muJ4uwSwY/aStXTixx76TwkZFJLm1aAlA/HSWEJ4EyiMkg==",
      "requires": {
        "@vue/compiler-ssr": "3.4.21",
        "@vue/shared": "3.4.21"
      }
    },
    "@vue/shared": {
      "version": "3.4.21",
      "resolved": "https://registry.npmjs.org/@vue/shared/-/shared-3.4.21.tgz",
      "integrity": "sha512-PuJe7vDIi6VYSinuEbUIQgMIRZGgM8e4R+G+/dQTk0X1NEdvgvvgv7m+rfmDH1gZzyA1OjjoWskvHlfRNfQf3g=="
    },
    "csstype": {
      "version": "3.1.3",
      "resolved": "https://registry.npmjs.org/csstype/-/csstype-3.1.3.tgz",
      "integrity": "sha512-M1uQkMl8rQK/szD0LNhtqxIPLpimGm8sOBwU7lLnCpSbTyY3yeU1Vc7l4KT5zT4s/yOxHH5O7tIuuLOCnLADRw=="
    },
    "dragon_awakening_of_insects": {
      "version": "1.0.1",
      "resolved": "https://registry.npmjs.org/dragon_awakening_of_insects/-/dragon_awakening_of_insects-1.0.1.tgz",
      "integrity": "sha512-0j0qzf51sB/l4kxTFf6dRH+DqC0O3m6f5/ZkrTy7jwFv9R/Af1OkmKfCTgrCbSaWlzK1iqowN+aeqEvQyN+jYQ==",
      "requires": {
        "dragon_lucky_words": "^1.0.3",
        "jquery": "^3.7.1"
      },
      "dependencies": {
        "dragon_lucky_words": {
          "version": "1.0.3",
          "resolved": "https://registry.npmjs.org/dragon_lucky_words/-/dragon_lucky_words-1.0.3.tgz",
          "integrity": "sha512-typcYDgo4GSf+3qikhAr9Lv/HjSi3MpbEmMh8zrj1RySTwtVGN6hjF0cMRPDmK5mWJagOCtIOZiPEkudu+aWQw==",
          "requires": {
            "dragon_number_guessing": "^1.0.1",
            "dragon_rain": "^1.0.1",
            "jquery": "^3.7.1"
          }
        }
      }
    },
    "dragon_balloons_story": {
      "version": "1.0.1",
      "resolved": "https://registry.npmjs.org/dragon_balloons_story/-/dragon_balloons_story-1.0.1.tgz",
      "integrity": "sha512-cTt/OhCxHQUi4PBVlIVl0NVEwKNZgnMEoKlzHAi3mXlwsyP/23CAkCn7d9iViVKkCX/GmrJSObdlCIAzHvG7lQ==",
      "requires": {
        "dragon_awakening_of_insects": "^1.0.1",
        "dragon_lucky_words": "^1.0.3",
        "dragon_number_guessing": "^1.0.3",
        "dragon_rain": "^1.0.6",
        "dragon_spring_equinox": "^1.0.0",
        "jquery": "^3.7.1"
      },
      "dependencies": {
        "dragon_lucky_words": {
          "version": "1.0.3",
          "resolved": "https://registry.npmjs.org/dragon_lucky_words/-/dragon_lucky_words-1.0.3.tgz",
          "integrity": "sha512-typcYDgo4GSf+3qikhAr9Lv/HjSi3MpbEmMh8zrj1RySTwtVGN6hjF0cMRPDmK5mWJagOCtIOZiPEkudu+aWQw==",
          "requires": {
            "dragon_number_guessing": "^1.0.1",
            "dragon_rain": "^1.0.1",
            "jquery": "^3.7.1"
          }
        }
      }
    },
    "dragon_cake_story": {
      "version": "1.0.1",
      "resolved": "https://registry.npmjs.org/dragon_cake_story/-/dragon_cake_story-1.0.1.tgz",
      "integrity": "sha512-4uzZawkDCjJAJbXSMN1wi905BRIuTc+yIamgzDh/wZVm3rUw+o8YM8JnvbysmqQaypPI1L4Z2zAkuSkVodFGsA==",
      "requires": {
        "dragon_awakening_of_insects": "^1.0.1",
        "dragon_lucky_words": "^1.0.3",
        "dragon_number_guessing": "^1.0.3",
        "dragon_rain": "^1.0.6",
        "dragon_spring_equinox": "^1.0.0",
        "jquery": "^3.7.1"
      },
      "dependencies": {
        "dragon_lucky_words": {
          "version": "1.0.3",
          "resolved": "https://registry.npmjs.org/dragon_lucky_words/-/dragon_lucky_words-1.0.3.tgz",
          "integrity": "sha512-typcYDgo4GSf+3qikhAr9Lv/HjSi3MpbEmMh8zrj1RySTwtVGN6hjF0cMRPDmK5mWJagOCtIOZiPEkudu+aWQw==",
          "requires": {
            "dragon_number_guessing": "^1.0.1",
            "dragon_rain": "^1.0.1",
            "jquery": "^3.7.1"
          }
        }
      }
    },
    "dragon_chicken_story": {
      "version": "1.0.1",
      "resolved": "https://registry.npmjs.org/dragon_chicken_story/-/dragon_chicken_story-1.0.1.tgz",
      "integrity": "sha512-X2hJz7pl91PBP87911QTkK6ZC63Ei1hbtnyQbljlkmHGY8qOXKjZwVVJMMGaNluoq6GlxddHw+rr2uJc+AXL2A==",
      "requires": {
        "dragon_awakening_of_insects": "^1.0.1",
        "dragon_lucky_words": "^1.0.3",
        "dragon_number_guessing": "^1.0.3",
        "dragon_rain": "^1.0.6",
        "dragon_spring_equinox": "^1.0.0",
        "jquery": "^3.7.1"
      },
      "dependencies": {
        "dragon_lucky_words": {
          "version": "1.0.3",
          "resolved": "https://registry.npmjs.org/dragon_lucky_words/-/dragon_lucky_words-1.0.3.tgz",
          "integrity": "sha512-typcYDgo4GSf+3qikhAr9Lv/HjSi3MpbEmMh8zrj1RySTwtVGN6hjF0cMRPDmK5mWJagOCtIOZiPEkudu+aWQw==",
          "requires": {
            "dragon_number_guessing": "^1.0.1",
            "dragon_rain": "^1.0.1",
            "jquery": "^3.7.1"
          }
        }
      }
    },
    "dragon_cross_story": {
      "version": "1.0.1",
      "resolved": "https://registry.npmjs.org/dragon_cross_story/-/dragon_cross_story-1.0.1.tgz",
      "integrity": "sha512-JWsfQ5RuvqzgG2XbYI6EE8TOnDUTGb2+djJb7cEddOUmTx3++SH3V0/q3QJsAoEJUBgG5ZzrKc/k1DgJA757cg==",
      "requires": {
        "dragon_awakening_of_insects": "^1.0.1",
        "dragon_lucky_words": "^1.0.3",
        "dragon_number_guessing": "^1.0.3",
        "dragon_rain": "^1.0.6",
        "dragon_spring_equinox": "^1.0.0",
        "jquery": "^3.7.1"
      },
      "dependencies": {
        "dragon_lucky_words": {
          "version": "1.0.3",
          "resolved": "https://registry.npmjs.org/dragon_lucky_words/-/dragon_lucky_words-1.0.3.tgz",
          "integrity": "sha512-typcYDgo4GSf+3qikhAr9Lv/HjSi3MpbEmMh8zrj1RySTwtVGN6hjF0cMRPDmK5mWJagOCtIOZiPEkudu+aWQw==",
          "requires": {
            "dragon_number_guessing": "^1.0.1",
            "dragon_rain": "^1.0.1",
            "jquery": "^3.7.1"
          }
        }
      }
    },
    "dragon_cruel_story": {
      "version": "1.0.1",
      "resolved": "https://registry.npmjs.org/dragon_cruel_story/-/dragon_cruel_story-1.0.1.tgz",
      "integrity": "sha512-t5Ng3QNTBcpBrhHQ6KL3ffzThoaEtIcJndOpD3ZmH47PKNXC+wQb43SFj8moonO6CrrWE5iHnbvzT2F5K3wngQ==",
      "requires": {
        "dragon_awakening_of_insects": "^1.0.1",
        "dragon_lucky_words": "^1.0.3",
        "dragon_number_guessing": "^1.0.3",
        "dragon_rain": "^1.0.6",
        "dragon_spring_equinox": "^1.0.0",
        "jquery": "^3.7.1"
      },
      "dependencies": {
        "dragon_lucky_words": {
          "version": "1.0.3",
          "resolved": "https://registry.npmjs.org/dragon_lucky_words/-/dragon_lucky_words-1.0.3.tgz",
          "integrity": "sha512-typcYDgo4GSf+3qikhAr9Lv/HjSi3MpbEmMh8zrj1RySTwtVGN6hjF0cMRPDmK5mWJagOCtIOZiPEkudu+aWQw==",
          "requires": {
            "dragon_number_guessing": "^1.0.1",
            "dragon_rain": "^1.0.1",
            "jquery": "^3.7.1"
          }
        }
      }
    },
    "dragon_dijia_story": {
      "version": "1.0.1",
      "resolved": "https://registry.npmjs.org/dragon_dijia_story/-/dragon_dijia_story-1.0.1.tgz",
      "integrity": "sha512-e4TRTn9gcj5BCtVb10ugcpTsdKVIfJVWShkkU4DjiBimOG0YvR3JZDeQs/gXEor/+fhBGhgndkkwwadoGlertA==",
      "requires": {
        "dragon_awakening_of_insects": "^1.0.1",
        "dragon_lucky_words": "^1.0.3",
        "dragon_number_guessing": "^1.0.3",
        "dragon_rain": "^1.0.6",
        "dragon_spring_equinox": "^1.0.0",
        "jquery": "^3.7.1"
      },
      "dependencies": {
        "dragon_lucky_words": {
          "version": "1.0.3",
          "resolved": "https://registry.npmjs.org/dragon_lucky_words/-/dragon_lucky_words-1.0.3.tgz",
          "integrity": "sha512-typcYDgo4GSf+3qikhAr9Lv/HjSi3MpbEmMh8zrj1RySTwtVGN6hjF0cMRPDmK5mWJagOCtIOZiPEkudu+aWQw==",
          "requires": {
            "dragon_number_guessing": "^1.0.1",
            "dragon_rain": "^1.0.1",
            "jquery": "^3.7.1"
          }
        }
      }
    },
    "dragon_homophonic_meme": {
      "version": "1.0.1",
      "resolved": "https://registry.npmjs.org/dragon_homophonic_meme/-/dragon_homophonic_meme-1.0.1.tgz",
      "integrity": "sha512-NmaavKA40VCEYs7LFZQDPGBy6PRB8zKFNZkRVUaMJXj9j+LOnxfYo8VDzRsLLs4JBTM3p5VNybKW9hLyGB/WfQ==",
      "requires": {
        "dragon_awakening_of_insects": "^1.0.1",
        "dragon_lucky_words": "^1.0.3",
        "dragon_number_guessing": "^1.0.3",
        "dragon_rain": "^1.0.6",
        "dragon_spring_equinox": "^1.0.0",
        "jquery": "^3.7.1"
      },
      "dependencies": {
        "dragon_lucky_words": {
          "version": "1.0.3",
          "resolved": "https://registry.npmjs.org/dragon_lucky_words/-/dragon_lucky_words-1.0.3.tgz",
          "integrity": "sha512-typcYDgo4GSf+3qikhAr9Lv/HjSi3MpbEmMh8zrj1RySTwtVGN6hjF0cMRPDmK5mWJagOCtIOZiPEkudu+aWQw==",
          "requires": {
            "dragon_number_guessing": "^1.0.1",
            "dragon_rain": "^1.0.1",
            "jquery": "^3.7.1"
          }
        }
      }
    },
    "dragon_leader_angry": {
      "version": "1.0.1",
      "resolved": "https://registry.npmjs.org/dragon_leader_angry/-/dragon_leader_angry-1.0.1.tgz",
      "integrity": "sha512-dV233JgYesgQQZokyjuKvBDSf3RozDL8GhhfbWpyIHcTqdvV2ttg/0eYciIPvM1yjPvAAa/TKbW8R8EwUB6G+g==",
      "requires": {
        "dragon_awakening_of_insects": "^1.0.1",
        "dragon_lucky_words": "^1.0.3",
        "dragon_number_guessing": "^1.0.3",
        "dragon_rain": "^1.0.6",
        "dragon_spring_equinox": "^1.0.0",
        "jquery": "^3.7.1"
      },
      "dependencies": {
        "dragon_lucky_words": {
          "version": "1.0.3",
          "resolved": "https://registry.npmjs.org/dragon_lucky_words/-/dragon_lucky_words-1.0.3.tgz",
          "integrity": "sha512-typcYDgo4GSf+3qikhAr9Lv/HjSi3MpbEmMh8zrj1RySTwtVGN6hjF0cMRPDmK5mWJagOCtIOZiPEkudu+aWQw==",
          "requires": {
            "dragon_number_guessing": "^1.0.1",
            "dragon_rain": "^1.0.1",
            "jquery": "^3.7.1"
          }
        }
      }
    },
    "dragon_leader_lucky": {
      "version": "1.0.1",
      "resolved": "https://registry.npmjs.org/dragon_leader_lucky/-/dragon_leader_lucky-1.0.1.tgz",
      "integrity": "sha512-zngWHvmy86AhVFNQHuTwKEO8CkkgiA6FvrYErO7OefJdaGznubAjQ8bM5v8C4CmjHtNT9GaEuE2+Fr2qSzkuuQ==",
      "requires": {
        "dragon_awakening_of_insects": "^1.0.1",
        "dragon_lucky_words": "^1.0.3",
        "dragon_number_guessing": "^1.0.3",
        "dragon_rain": "^1.0.6",
        "dragon_spring_equinox": "^1.0.0",
        "jquery": "^3.7.1"
      },
      "dependencies": {
        "dragon_lucky_words": {
          "version": "1.0.3",
          "resolved": "https://registry.npmjs.org/dragon_lucky_words/-/dragon_lucky_words-1.0.3.tgz",
          "integrity": "sha512-typcYDgo4GSf+3qikhAr9Lv/HjSi3MpbEmMh8zrj1RySTwtVGN6hjF0cMRPDmK5mWJagOCtIOZiPEkudu+aWQw==",
          "requires": {
            "dragon_number_guessing": "^1.0.1",
            "dragon_rain": "^1.0.1",
            "jquery": "^3.7.1"
          }
        }
      }
    },
    "dragon_loquat_story": {
      "version": "1.0.1",
      "resolved": "https://registry.npmjs.org/dragon_loquat_story/-/dragon_loquat_story-1.0.1.tgz",
      "integrity": "sha512-G8F7r4TzPxHI7nNed85f8o9dEUPvR+Bu32WMtzAlGViXqKbfCveHLVaK3qMyvqjJfDvbL6FJ4lhR8S5EEJSjfg==",
      "requires": {
        "dragon_awakening_of_insects": "^1.0.1",
        "dragon_lucky_words": "^1.0.3",
        "dragon_number_guessing": "^1.0.3",
        "dragon_rain": "^1.0.6",
        "dragon_spring_equinox": "^1.0.0",
        "jquery": "^3.7.1"
      },
      "dependencies": {
        "dragon_lucky_words": {
          "version": "1.0.3",
          "resolved": "https://registry.npmjs.org/dragon_lucky_words/-/dragon_lucky_words-1.0.3.tgz",
          "integrity": "sha512-typcYDgo4GSf+3qikhAr9Lv/HjSi3MpbEmMh8zrj1RySTwtVGN6hjF0cMRPDmK5mWJagOCtIOZiPEkudu+aWQw==",
          "requires": {
            "dragon_number_guessing": "^1.0.1",
            "dragon_rain": "^1.0.1",
            "jquery": "^3.7.1"
          }
        }
      }
    },
    "dragon_lucky_words": {
      "version": "1.0.0",
      "resolved": "https://registry.npmjs.org/dragon_lucky_words/-/dragon_lucky_words-1.0.0.tgz",
      "integrity": "sha512-zxaGAishZRwGg916XcktUQbgC6uVTz5G1+Hu8Bk5s9X7j5w++GF17fIro8Dmb4FNrsgFP+7/rISbYGUgi333DQ==",
      "requires": {
        "jquery": "^3.7.1"
      }
    },
    "dragon_mountain_story": {
      "version": "1.0.1",
      "resolved": "https://registry.npmjs.org/dragon_mountain_story/-/dragon_mountain_story-1.0.1.tgz",
      "integrity": "sha512-3E32l3Zqr9k5kTVWYMgsqaXPovamglSgt996arq64TRvQTiREkfoPL6a53sDm2LbRLTcrcYZQlbv16D1jXXcgw==",
      "requires": {
        "dragon_awakening_of_insects": "^1.0.1",
        "dragon_lucky_words": "^1.0.3",
        "dragon_number_guessing": "^1.0.3",
        "dragon_rain": "^1.0.6",
        "dragon_spring_equinox": "^1.0.0",
        "jquery": "^3.7.1"
      },
      "dependencies": {
        "dragon_lucky_words": {
          "version": "1.0.3",
          "resolved": "https://registry.npmjs.org/dragon_lucky_words/-/dragon_lucky_words-1.0.3.tgz",
          "integrity": "sha512-typcYDgo4GSf+3qikhAr9Lv/HjSi3MpbEmMh8zrj1RySTwtVGN6hjF0cMRPDmK5mWJagOCtIOZiPEkudu+aWQw==",
          "requires": {
            "dragon_number_guessing": "^1.0.1",
            "dragon_rain": "^1.0.1",
            "jquery": "^3.7.1"
          }
        }
      }
    },
    "dragon_number_guessing": {
      "version": "1.0.3",
      "resolved": "https://registry.npmjs.org/dragon_number_guessing/-/dragon_number_guessing-1.0.3.tgz",
      "integrity": "sha512-fUoPlllbhOaVM+KkS8YQGqT9p+tgCu1ixtPM+knHxJ3CT2u0Baf69aGqjkPlfeQsE3Mp2ZVPregFPiueQ144Kw==",
      "requires": {
        "dragon_rain": "^1.0.6",
        "vue": "^3.4.21"
      }
    },
    "dragon_piano_story": {
      "version": "1.0.1",
      "resolved": "https://registry.npmjs.org/dragon_piano_story/-/dragon_piano_story-1.0.1.tgz",
      "integrity": "sha512-C7r6vOF9zPfQDTT6AAcVeUujYXQzJnmcbXBknPT3k/YWlOxeCH/DgTVKExyvIte/zw2eC8S7CQJDAbBPxxJ5IQ==",
      "requires": {
        "dragon_awakening_of_insects": "^1.0.1",
        "dragon_lucky_words": "^1.0.3",
        "dragon_number_guessing": "^1.0.3",
        "dragon_rain": "^1.0.6",
        "dragon_spring_equinox": "^1.0.0",
        "jquery": "^3.7.1"
      },
      "dependencies": {
        "dragon_lucky_words": {
          "version": "1.0.3",
          "resolved": "https://registry.npmjs.org/dragon_lucky_words/-/dragon_lucky_words-1.0.3.tgz",
          "integrity": "sha512-typcYDgo4GSf+3qikhAr9Lv/HjSi3MpbEmMh8zrj1RySTwtVGN6hjF0cMRPDmK5mWJagOCtIOZiPEkudu+aWQw==",
          "requires": {
            "dragon_number_guessing": "^1.0.1",
            "dragon_rain": "^1.0.1",
            "jquery": "^3.7.1"
          }
        }
      }
    },
    "dragon_rain": {
      "version": "1.0.6",
      "resolved": "https://registry.npmjs.org/dragon_rain/-/dragon_rain-1.0.6.tgz",
      "integrity": "sha512-S9MA/Ab604FeuZAhNF8sGwEIi8XuJjnynT+8Flamz8UHCdC08PgJ3DQfPHFnVHNl0wwr2mmqh34UEMpRZWn89A==",
      "requires": {
        "dragon_lucky_words": "^1.0.0",
        "jquery": "^3.7.1"
      }
    },
    "dragon_sea_story": {
      "version": "1.0.1",
      "resolved": "https://registry.npmjs.org/dragon_sea_story/-/dragon_sea_story-1.0.1.tgz",
      "integrity": "sha512-hH/wLwq2t2PMX8rTNFe7Larb4WoufInd9jVZJVOyyixM4mXIHw5t+uglG0sVzxRqsg/JaiMSsMJOtTFP9aREbg==",
      "requires": {
        "dragon_awakening_of_insects": "^1.0.1",
        "dragon_lucky_words": "^1.0.3",
        "dragon_number_guessing": "^1.0.3",
        "dragon_rain": "^1.0.6",
        "dragon_spring_equinox": "^1.0.0",
        "jquery": "^3.7.1"
      },
      "dependencies": {
        "dragon_lucky_words": {
          "version": "1.0.3",
          "resolved": "https://registry.npmjs.org/dragon_lucky_words/-/dragon_lucky_words-1.0.3.tgz",
          "integrity": "sha512-typcYDgo4GSf+3qikhAr9Lv/HjSi3MpbEmMh8zrj1RySTwtVGN6hjF0cMRPDmK5mWJagOCtIOZiPEkudu+aWQw==",
          "requires": {
            "dragon_number_guessing": "^1.0.1",
            "dragon_rain": "^1.0.1",
            "jquery": "^3.7.1"
          }
        }
      }
    },
    "dragon_spring_equinox": {
      "version": "1.0.0",
      "resolved": "https://registry.npmjs.org/dragon_spring_equinox/-/dragon_spring_equinox-1.0.0.tgz",
      "integrity": "sha512-9ccbzze4zMofFdCidqu5Zga3ifuLBDBo4FFM3HpmU3FMI0qahbWfpzpSIMvMBs8oLY3LXTJLAXUFIyJhO2J7Kg==",
      "requires": {
        "dragon_lucky_words": "^1.0.3",
        "jquery": "^3.7.1"
      },
      "dependencies": {
        "dragon_lucky_words": {
          "version": "1.0.3",
          "resolved": "https://registry.npmjs.org/dragon_lucky_words/-/dragon_lucky_words-1.0.3.tgz",
          "integrity": "sha512-typcYDgo4GSf+3qikhAr9Lv/HjSi3MpbEmMh8zrj1RySTwtVGN6hjF0cMRPDmK5mWJagOCtIOZiPEkudu+aWQw==",
          "requires": {
            "dragon_number_guessing": "^1.0.1",
            "dragon_rain": "^1.0.1",
            "jquery": "^3.7.1"
          }
        }
      }
    },
    "dragon_tiger_story": {
      "version": "1.0.1",
      "resolved": "https://registry.npmjs.org/dragon_tiger_story/-/dragon_tiger_story-1.0.1.tgz",
      "integrity": "sha512-mbW7jywesxnuDLZIhROmWaE7XgRVMChVHz/Iv0tRbm/kLAAjvDY8E8uBX5w1Kn8xiL3FEWvgW+wkGW6r7u9elA==",
      "requires": {
        "dragon_awakening_of_insects": "^1.0.1",
        "dragon_lucky_words": "^1.0.3",
        "dragon_number_guessing": "^1.0.3",
        "dragon_rain": "^1.0.6",
        "dragon_spring_equinox": "^1.0.0",
        "jquery": "^3.7.1"
      },
      "dependencies": {
        "dragon_lucky_words": {
          "version": "1.0.3",
          "resolved": "https://registry.npmjs.org/dragon_lucky_words/-/dragon_lucky_words-1.0.3.tgz",
          "integrity": "sha512-typcYDgo4GSf+3qikhAr9Lv/HjSi3MpbEmMh8zrj1RySTwtVGN6hjF0cMRPDmK5mWJagOCtIOZiPEkudu+aWQw==",
          "requires": {
            "dragon_number_guessing": "^1.0.1",
            "dragon_rain": "^1.0.1",
            "jquery": "^3.7.1"
          }
        }
      }
    },
    "dragon_warrior_story": {
      "version": "1.0.1",
      "resolved": "https://registry.npmjs.org/dragon_warrior_story/-/dragon_warrior_story-1.0.1.tgz",
      "integrity": "sha512-dEPkr1pxGs7tIZ2alob0tTP7RGJrdPQM1TGP+BkzEmNFvuSQLeU/U2QjBhw+OVE3FgzG1DdV2WvuC7d5UM1IEQ==",
      "requires": {
        "dragon_awakening_of_insects": "^1.0.1",
        "dragon_lucky_words": "^1.0.3",
        "dragon_number_guessing": "^1.0.3",
        "dragon_rain": "^1.0.6",
        "dragon_spring_equinox": "^1.0.0",
        "jquery": "^3.7.1"
      },
      "dependencies": {
        "dragon_lucky_words": {
          "version": "1.0.3",
          "resolved": "https://registry.npmjs.org/dragon_lucky_words/-/dragon_lucky_words-1.0.3.tgz",
          "integrity": "sha512-typcYDgo4GSf+3qikhAr9Lv/HjSi3MpbEmMh8zrj1RySTwtVGN6hjF0cMRPDmK5mWJagOCtIOZiPEkudu+aWQw==",
          "requires": {
            "dragon_number_guessing": "^1.0.1",
            "dragon_rain": "^1.0.1",
            "jquery": "^3.7.1"
          }
        }
      }
    },
    "entities": {
      "version": "4.5.0",
      "resolved": "https://registry.npmjs.org/entities/-/entities-4.5.0.tgz",
      "integrity": "sha512-V0hjH4dGPh9Ao5p0MoRY6BVqtwCjhz6vI5LT8AJ55H+4g9/4vbHx1I54fS0XuclLhDHArPQCiMjDxjaL8fPxhw=="
    },
    "estree-walker": {
      "version": "2.0.2",
      "resolved": "https://registry.npmjs.org/estree-walker/-/estree-walker-2.0.2.tgz",
      "integrity": "sha512-Rfkk/Mp/DL7JVje3u18FxFujQlTNR2q6QfMSMB7AvCBx91NGj/ba3kCfza0f6dVDbw7YlRf/nDrn7pQrCCyQ/w=="
    },
    "jquery": {
      "version": "3.7.1",
      "resolved": "https://registry.npmjs.org/jquery/-/jquery-3.7.1.tgz",
      "integrity": "sha512-m4avr8yL8kmFN8psrbFFFmB/If14iN5o9nw/NgnnM+kybDJpRsAynV2BsfpTYrTRysYUdADVD7CkUUizgkpLfg=="
    },
    "magic-string": {
      "version": "0.30.8",
      "resolved": "https://registry.npmjs.org/magic-string/-/magic-string-0.30.8.tgz",
      "integrity": "sha512-ISQTe55T2ao7XtlAStud6qwYPZjE4GK1S/BeVPus4jrq6JuOnQ00YKQC581RWhR122W7msZV263KzVeLoqidyQ==",
      "requires": {
        "@jridgewell/sourcemap-codec": "^1.4.15"
      }
    },
    "nanoid": {
      "version": "3.3.7",
      "resolved": "https://registry.npmjs.org/nanoid/-/nanoid-3.3.7.tgz",
      "integrity": "sha512-eSRppjcPIatRIMC1U6UngP8XFcz8MQWGQdt1MTBQ7NaAmvXDfvNxbvWV3x2y6CdEUciCSsDHDQZbhYaB8QEo2g=="
    },
    "picocolors": {
      "version": "1.0.0",
      "resolved": "https://registry.npmjs.org/picocolors/-/picocolors-1.0.0.tgz",
      "integrity": "sha512-1fygroTLlHu66zi26VoTDv8yRgm0Fccecssto+MhsZ0D/DGW2sm8E8AjW7NU5VVTRt5GxbeZ5qBuJr+HyLYkjQ=="
    },
    "postcss": {
      "version": "8.4.38",
      "resolved": "https://registry.npmjs.org/postcss/-/postcss-8.4.38.tgz",
      "integrity": "sha512-Wglpdk03BSfXkHoQa3b/oulrotAkwrlLDRSOb9D0bN86FdRyE9lppSp33aHNPgBa0JKCoB+drFLZkQoRRYae5A==",
      "requires": {
        "nanoid": "^3.3.7",
        "picocolors": "^1.0.0",
        "source-map-js": "^1.2.0"
      }
    },
    "source-map-js": {
      "version": "1.2.0",
      "resolved": "https://registry.npmjs.org/source-map-js/-/source-map-js-1.2.0.tgz",
      "integrity": "sha512-itJW8lvSA0TXEphiRoawsCksnlf8SyvmFzIhltqAHluXd88pkCd+cXJVHTDwdCr0IzwptSm035IHQktUu1QUMg=="
    },
    "vue": {
      "version": "3.4.21",
      "resolved": "https://registry.npmjs.org/vue/-/vue-3.4.21.tgz",
      "integrity": "sha512-5hjyV/jLEIKD/jYl4cavMcnzKwjMKohureP8ejn3hhEjwhWIhWeuzL2kJAjzl/WyVsgPY56Sy4Z40C3lVshxXA==",
      "requires": {
        "@vue/compiler-dom": "3.4.21",
        "@vue/compiler-sfc": "3.4.21",
        "@vue/runtime-dom": "3.4.21",
        "@vue/server-renderer": "3.4.21",
        "@vue/shared": "3.4.21"
      }
    }
  }
}
