{
  "name": "dragon_rain",
  "version": "1.0.0",
  "lockfileVersion": 1,
  "requires": true,
  "dependencies": {
    "dragon_lucky_words": {
      "version": "1.0.0",
      "resolved": "https://registry.npmjs.org/dragon_lucky_words/-/dragon_lucky_words-1.0.0.tgz",
      "integrity": "sha512-zxaGAishZRwGg916XcktUQbgC6uVTz5G1+Hu8Bk5s9X7j5w++GF17fIro8Dmb4FNrsgFP+7/rISbYGUgi333DQ==",
      "requires": {
        "jquery": "^3.7.1"
      }
    },
    "jquery": {
      "version": "3.7.1",
      "resolved": "https://registry.npmjs.org/jquery/-/jquery-3.7.1.tgz",
      "integrity": "sha512-m4avr8yL8kmFN8psrbFFFmB/If14iN5o9nw/NgnnM+kybDJpRsAynV2BsfpTYrTRysYUdADVD7CkUUizgkpLfg=="
    }
  }
}
